
Microsoft Visual Studio Solution File, Format Version 12.00
# Visual Studio Version 17
VisualStudioVersion = 17.14.36414.22
MinimumVisualStudioVersion = 10.0.40219.1
Project("{2150E333-8FDC-42A3-9474-1A3956D46DE8}") = "Task0", "Task0", "{02EA681E-C7D8-13C7-8484-4AC65E1B71E8}"
EndProject
Project("{FAE04EC0-301F-11D3-BF4B-00C04F79EFBC}") = "Tyuiu.KolganenkoRV.Sprint2.Task0.V26", "Tyuiu.KolganenkoRV.Sprint2.Task0.V26\Tyuiu.KolganenkoRV.Sprint2.Task0.V26.csproj", "{D8FC58EF-BD63-4E98-AF81-7C5466C2A0B2}"
EndProject
Project("{FAE04EC0-301F-11D3-BF4B-00C04F79EFBC}") = "Tyuiu.KolganenkoRV.Sprint2.Task0.V26.Lib", "Tyuiu.KolganenkoRV.Sprint2.Task0.V26.Lib\Tyuiu.KolganenkoRV.Sprint2.Task0.V26.Lib.csproj", "{594785DE-C58E-4A01-B338-43DF11E1D781}"
EndProject
Project("{FAE04EC0-301F-11D3-BF4B-00C04F79EFBC}") = "Tyuiu.KolganenkoRV.Sprint2.Task0.V26.Test", "Tyuiu.KolganenkoRV.Sprint2.Task0.V26.Test\Tyuiu.KolganenkoRV.Sprint2.Task0.V26.Test.csproj", "{84770489-8683-4E2C-BDA2-438AA1F89A08}"
EndProject
Project("{2150E333-8FDC-42A3-9474-1A3956D46DE8}") = "Task1", "Task1", "{AA9E601B-4E60-421D-93DE-87002E0E4488}"
EndProject
Project("{FAE04EC0-301F-11D3-BF4B-00C04F79EFBC}") = "Tyuiu.KolganenkoRV.Sprint2.Task1.V29", "Tyuiu.KolganenkoRV.Sprint2.Task1.V29\Tyuiu.KolganenkoRV.Sprint2.Task1.V29.csproj", "{681B2AB7-537B-44BC-B9DF-B89895385776}"
EndProject
Project("{FAE04EC0-301F-11D3-BF4B-00C04F79EFBC}") = "Tyuiu.KolganenkoRV.Sprint2.Task1.V29.Test", "Tyuiu.KolganenkoRV.Sprint2.Task1.V29.Test\Tyuiu.KolganenkoRV.Sprint2.Task1.V29.Test.csproj", "{4DD83BDB-FD22-49C5-BE7A-91EC63961F7E}"
EndProject
Project("{FAE04EC0-301F-11D3-BF4B-00C04F79EFBC}") = "Tyuiu.KolganenkoRV.Sprint2.Task1.V29.Lib", "Tyuiu.KolganenkoRV.Sprint2.Task1.V29.Lib\Tyuiu.KolganenkoRV.Sprint2.Task1.V29.Lib.csproj", "{8585EF15-E6CA-4E44-B8CB-044C1ADCA170}"
EndProject
Project("{2150E333-8FDC-42A3-9474-1A3956D46DE8}") = "Task2", "Task2", "{5E44CD38-9D56-4592-A57E-5624018A9F38}"
EndProject
Project("{FAE04EC0-301F-11D3-BF4B-00C04F79EFBC}") = "Tyuiu.KolganenkoRV.Sprint2.Task2.V12", "Tyuiu.KolganenkoRV.Sprint2.Task2.V12\Tyuiu.KolganenkoRV.Sprint2.Task2.V12.csproj", "{9EB81F99-A483-4B64-9219-EFD5FDDCF664}"
EndProject
Project("{FAE04EC0-301F-11D3-BF4B-00C04F79EFBC}") = "Tyuiu.KolganenkoRV.Sprint2.Task2.V12.Lib", "Tyuiu.KolganenkoRV.Sprint2.Task2.V12.Lib\Tyuiu.KolganenkoRV.Sprint2.Task2.V12.Lib.csproj", "{A78EDDF2-3255-40FA-A279-D95388212719}"
EndProject
Project("{FAE04EC0-301F-11D3-BF4B-00C04F79EFBC}") = "Tyuiu.KolganenkoRV.Sprint2.Task2.V12.Test", "Tyuiu.KolganenkoRV.Sprint2.Task2.V12.Test\Tyuiu.KolganenkoRV.Sprint2.Task2.V12.Test.csproj", "{FCF5B1D8-A34F-4971-AED7-F8A5D7B897B8}"
EndProject
Project("{2150E333-8FDC-42A3-9474-1A3956D46DE8}") = "Task3", "Task3", "{26964616-DB30-4276-BF6F-88BF70D458AD}"
EndProject
Project("{FAE04EC0-301F-11D3-BF4B-00C04F79EFBC}") = "Tyuiu.KolganenkoRV.Sprint2.Task3.V6", "Tyuiu.KolganenkoRV.Sprint2.Task3.V6\Tyuiu.KolganenkoRV.Sprint2.Task3.V6.csproj", "{C689B7EA-B013-47A0-9D24-2419FE29D81C}"
EndProject
Project("{FAE04EC0-301F-11D3-BF4B-00C04F79EFBC}") = "Tyuiu.KolganenkoRV.Sprint2.Task3.V6.Lib", "Tyuiu.KolganenkoRV.Sprint2.Task3.V6.Lib\Tyuiu.KolganenkoRV.Sprint2.Task3.V6.Lib.csproj", "{A94308F8-41EF-4B84-A6B3-CEB4471728E0}"
EndProject
Project("{FAE04EC0-301F-11D3-BF4B-00C04F79EFBC}") = "Tyuiu.KolganenkoRV.Sprint2.Task3.V6.Test", "Tyuiu.KolganenkoRV.Sprint2.Task3.V6.Test\Tyuiu.KolganenkoRV.Sprint2.Task3.V6.Test.csproj", "{18FBB0BA-0BC0-45BA-97EB-2DD9512B0434}"
EndProject
Project("{2150E333-8FDC-42A3-9474-1A3956D46DE8}") = "Task4", "Task4", "{78F08218-5AE8-40F6-95DB-FF471C4D6920}"
EndProject
Project("{FAE04EC0-301F-11D3-BF4B-00C04F79EFBC}") = "Tyuiu.KolganenkoRV.Sprint2.Task4.V12", "Tyuiu.KolganenkoRV.Sprint2.Task4.V12\Tyuiu.KolganenkoRV.Sprint2.Task4.V12.csproj", "{EFA7CDCD-CEB5-4157-B6B1-8F309DF4ED37}"
EndProject
Project("{FAE04EC0-301F-11D3-BF4B-00C04F79EFBC}") = "Tyuiu.KolganenkoRV.Sprint2.Task4.V12.Lib", "Tyuiu.KolganenkoRV.Sprint2.Task4.V12.Lib\Tyuiu.KolganenkoRV.Sprint2.Task4.V12.Lib.csproj", "{5D095FB7-09D2-4114-BC39-BB1008D048CA}"
EndProject
Project("{FAE04EC0-301F-11D3-BF4B-00C04F79EFBC}") = "Tyuiu.KolganenkoRV.Sprint2.Task4.V12.Test", "Tyuiu.KolganenkoRV.Sprint2.Task4.V12.Test\Tyuiu.KolganenkoRV.Sprint2.Task4.V12.Test.csproj", "{24E39F2F-DBDA-4378-A6EB-7F1A26F9FA9F}"
EndProject
Project("{2150E333-8FDC-42A3-9474-1A3956D46DE8}") = "Task5", "Task5", "{240ECAA6-BFAA-4640-9091-AB17DC17EECD}"
EndProject
Project("{FAE04EC0-301F-11D3-BF4B-00C04F79EFBC}") = "Tyuiu.KolganenkoRV.Sprint2.Task5.V3", "Tyuiu.KolganenkoRV.Sprint2.Task5.V3\Tyuiu.KolganenkoRV.Sprint2.Task5.V3.csproj", "{BAAF7D18-04AB-4676-8F9B-1006CD35DF2B}"
EndProject
Project("{FAE04EC0-301F-11D3-BF4B-00C04F79EFBC}") = "Tyuiu.KolganenkoRV.Sprint2.Task5.V3.Lib", "Tyuiu.KolganenkoRV.Sprint2.Task5.V3.Lib\Tyuiu.KolganenkoRV.Sprint2.Task5.V3.Lib.csproj", "{E04EED18-669C-4C38-8732-435653BE2F59}"
EndProject
Project("{FAE04EC0-301F-11D3-BF4B-00C04F79EFBC}") = "Tyuiu.KolganenkoRV.Sprint2.Task5.V3.Test", "Tyuiu.KolganenkoRV.Sprint2.Task5.V3.Test\Tyuiu.KolganenkoRV.Sprint2.Task5.V3.Test.csproj", "{9F279FFC-9765-488A-9B72-CDAE32CC9486}"
EndProject
Project("{2150E333-8FDC-42A3-9474-1A3956D46DE8}") = "Task6", "Task6", "{5DE2AB0E-3B26-4A61-8B9B-523AAE1277A0}"
EndProject
Project("{FAE04EC0-301F-11D3-BF4B-00C04F79EFBC}") = "Tyuiu.KolganenkoRV.Sprint2.Task6.V5", "Tyuiu.KolganenkoRV.Sprint2.Task6.V5\Tyuiu.KolganenkoRV.Sprint2.Task6.V5.csproj", "{7BC3E369-0B24-471C-B85A-1E59023C1B41}"
EndProject
Project("{FAE04EC0-301F-11D3-BF4B-00C04F79EFBC}") = "Tyuiu.KolganenkoRV.Sprint2.Task6.V5.Lib", "Tyuiu.KolganenkoRV.Sprint2.Task6.V5.Lib\Tyuiu.KolganenkoRV.Sprint2.Task6.V5.Lib.csproj", "{85102692-6544-482A-895A-037898E85776}"
EndProject
Project("{FAE04EC0-301F-11D3-BF4B-00C04F79EFBC}") = "Tyuiu.KolganenkoRV.Sprint2.Task6.V5.Test", "Tyuiu.KolganenkoRV.Sprint2.Task6.V5.Test\Tyuiu.KolganenkoRV.Sprint2.Task6.V5.Test.csproj", "{786D604C-5FBE-4AD7-BBC5-600D61DFC4D6}"
EndProject
Global
	GlobalSection(SolutionConfigurationPlatforms) = preSolution
		Debug|Any CPU = Debug|Any CPU
		Release|Any CPU = Release|Any CPU
	EndGlobalSection
	GlobalSection(ProjectConfigurationPlatforms) = postSolution
		{D8FC58EF-BD63-4E98-AF81-7C5466C2A0B2}.Debug|Any CPU.ActiveCfg = Debug|Any CPU
		{D8FC58EF-BD63-4E98-AF81-7C5466C2A0B2}.Debug|Any CPU.Build.0 = Debug|Any CPU
		{D8FC58EF-BD63-4E98-AF81-7C5466C2A0B2}.Release|Any CPU.ActiveCfg = Release|Any CPU
		{D8FC58EF-BD63-4E98-AF81-7C5466C2A0B2}.Release|Any CPU.Build.0 = Release|Any CPU
		{594785DE-C58E-4A01-B338-43DF11E1D781}.Debug|Any CPU.ActiveCfg = Debug|Any CPU
		{594785DE-C58E-4A01-B338-43DF11E1D781}.Debug|Any CPU.Build.0 = Debug|Any CPU
		{594785DE-C58E-4A01-B338-43DF11E1D781}.Release|Any CPU.ActiveCfg = Release|Any CPU
		{594785DE-C58E-4A01-B338-43DF11E1D781}.Release|Any CPU.Build.0 = Release|Any CPU
		{84770489-8683-4E2C-BDA2-438AA1F89A08}.Debug|Any CPU.ActiveCfg = Debug|Any CPU
		{84770489-8683-4E2C-BDA2-438AA1F89A08}.Debug|Any CPU.Build.0 = Debug|Any CPU
		{84770489-8683-4E2C-BDA2-438AA1F89A08}.Release|Any CPU.ActiveCfg = Release|Any CPU
		{84770489-8683-4E2C-BDA2-438AA1F89A08}.Release|Any CPU.Build.0 = Release|Any CPU
		{681B2AB7-537B-44BC-B9DF-B89895385776}.Debug|Any CPU.ActiveCfg = Debug|Any CPU
		{681B2AB7-537B-44BC-B9DF-B89895385776}.Debug|Any CPU.Build.0 = Debug|Any CPU
		{681B2AB7-537B-44BC-B9DF-B89895385776}.Release|Any CPU.ActiveCfg = Release|Any CPU
		{681B2AB7-537B-44BC-B9DF-B89895385776}.Release|Any CPU.Build.0 = Release|Any CPU
		{4DD83BDB-FD22-49C5-BE7A-91EC63961F7E}.Debug|Any CPU.ActiveCfg = Debug|Any CPU
		{4DD83BDB-FD22-49C5-BE7A-91EC63961F7E}.Debug|Any CPU.Build.0 = Debug|Any CPU
		{4DD83BDB-FD22-49C5-BE7A-91EC63961F7E}.Release|Any CPU.ActiveCfg = Release|Any CPU
		{4DD83BDB-FD22-49C5-BE7A-91EC63961F7E}.Release|Any CPU.Build.0 = Release|Any CPU
		{8585EF15-E6CA-4E44-B8CB-044C1ADCA170}.Debug|Any CPU.ActiveCfg = Debug|Any CPU
		{8585EF15-E6CA-4E44-B8CB-044C1ADCA170}.Debug|Any CPU.Build.0 = Debug|Any CPU
		{8585EF15-E6CA-4E44-B8CB-044C1ADCA170}.Release|Any CPU.ActiveCfg = Release|Any CPU
		{8585EF15-E6CA-4E44-B8CB-044C1ADCA170}.Release|Any CPU.Build.0 = Release|Any CPU
		{9EB81F99-A483-4B64-9219-EFD5FDDCF664}.Debug|Any CPU.ActiveCfg = Debug|Any CPU
		{9EB81F99-A483-4B64-9219-EFD5FDDCF664}.Debug|Any CPU.Build.0 = Debug|Any CPU
		{9EB81F99-A483-4B64-9219-EFD5FDDCF664}.Release|Any CPU.ActiveCfg = Release|Any CPU
		{9EB81F99-A483-4B64-9219-EFD5FDDCF664}.Release|Any CPU.Build.0 = Release|Any CPU
		{A78EDDF2-3255-40FA-A279-D95388212719}.Debug|Any CPU.ActiveCfg = Debug|Any CPU
		{A78EDDF2-3255-40FA-A279-D95388212719}.Debug|Any CPU.Build.0 = Debug|Any CPU
		{A78EDDF2-3255-40FA-A279-D95388212719}.Release|Any CPU.ActiveCfg = Release|Any CPU
		{A78EDDF2-3255-40FA-A279-D95388212719}.Release|Any CPU.Build.0 = Release|Any CPU
		{FCF5B1D8-A34F-4971-AED7-F8A5D7B897B8}.Debug|Any CPU.ActiveCfg = Debug|Any CPU
		{FCF5B1D8-A34F-4971-AED7-F8A5D7B897B8}.Debug|Any CPU.Build.0 = Debug|Any CPU
		{FCF5B1D8-A34F-4971-AED7-F8A5D7B897B8}.Release|Any CPU.ActiveCfg = Release|Any CPU
		{FCF5B1D8-A34F-4971-AED7-F8A5D7B897B8}.Release|Any CPU.Build.0 = Release|Any CPU
		{C689B7EA-B013-47A0-9D24-2419FE29D81C}.Debug|Any CPU.ActiveCfg = Debug|Any CPU
		{C689B7EA-B013-47A0-9D24-2419FE29D81C}.Debug|Any CPU.Build.0 = Debug|Any CPU
		{C689B7EA-B013-47A0-9D24-2419FE29D81C}.Release|Any CPU.ActiveCfg = Release|Any CPU
		{C689B7EA-B013-47A0-9D24-2419FE29D81C}.Release|Any CPU.Build.0 = Release|Any CPU
		{A94308F8-41EF-4B84-A6B3-CEB4471728E0}.Debug|Any CPU.ActiveCfg = Debug|Any CPU
		{A94308F8-41EF-4B84-A6B3-CEB4471728E0}.Debug|Any CPU.Build.0 = Debug|Any CPU
		{A94308F8-41EF-4B84-A6B3-CEB4471728E0}.Release|Any CPU.ActiveCfg = Release|Any CPU
		{A94308F8-41EF-4B84-A6B3-CEB4471728E0}.Release|Any CPU.Build.0 = Release|Any CPU
		{18FBB0BA-0BC0-45BA-97EB-2DD9512B0434}.Debug|Any CPU.ActiveCfg = Debug|Any CPU
		{18FBB0BA-0BC0-45BA-97EB-2DD9512B0434}.Debug|Any CPU.Build.0 = Debug|Any CPU
		{18FBB0BA-0BC0-45BA-97EB-2DD9512B0434}.Release|Any CPU.ActiveCfg = Release|Any CPU
		{18FBB0BA-0BC0-45BA-97EB-2DD9512B0434}.Release|Any CPU.Build.0 = Release|Any CPU
		{EFA7CDCD-CEB5-4157-B6B1-8F309DF4ED37}.Debug|Any CPU.ActiveCfg = Debug|Any CPU
		{EFA7CDCD-CEB5-4157-B6B1-8F309DF4ED37}.Debug|Any CPU.Build.0 = Debug|Any CPU
		{EFA7CDCD-CEB5-4157-B6B1-8F309DF4ED37}.Release|Any CPU.ActiveCfg = Release|Any CPU
		{EFA7CDCD-CEB5-4157-B6B1-8F309DF4ED37}.Release|Any CPU.Build.0 = Release|Any CPU
		{5D095FB7-09D2-4114-BC39-BB1008D048CA}.Debug|Any CPU.ActiveCfg = Debug|Any CPU
		{5D095FB7-09D2-4114-BC39-BB1008D048CA}.Debug|Any CPU.Build.0 = Debug|Any CPU
		{5D095FB7-09D2-4114-BC39-BB1008D048CA}.Release|Any CPU.ActiveCfg = Release|Any CPU
		{5D095FB7-09D2-4114-BC39-BB1008D048CA}.Release|Any CPU.Build.0 = Release|Any CPU
		{24E39F2F-DBDA-4378-A6EB-7F1A26F9FA9F}.Debug|Any CPU.ActiveCfg = Debug|Any CPU
		{24E39F2F-DBDA-4378-A6EB-7F1A26F9FA9F}.Debug|Any CPU.Build.0 = Debug|Any CPU
		{24E39F2F-DBDA-4378-A6EB-7F1A26F9FA9F}.Release|Any CPU.ActiveCfg = Release|Any CPU
		{24E39F2F-DBDA-4378-A6EB-7F1A26F9FA9F}.Release|Any CPU.Build.0 = Release|Any CPU
		{BAAF7D18-04AB-4676-8F9B-1006CD35DF2B}.Debug|Any CPU.ActiveCfg = Debug|Any CPU
		{BAAF7D18-04AB-4676-8F9B-1006CD35DF2B}.Debug|Any CPU.Build.0 = Debug|Any CPU
		{BAAF7D18-04AB-4676-8F9B-1006CD35DF2B}.Release|Any CPU.ActiveCfg = Release|Any CPU
		{BAAF7D18-04AB-4676-8F9B-1006CD35DF2B}.Release|Any CPU.Build.0 = Release|Any CPU
		{E04EED18-669C-4C38-8732-435653BE2F59}.Debug|Any CPU.ActiveCfg = Debug|Any CPU
		{E04EED18-669C-4C38-8732-435653BE2F59}.Debug|Any CPU.Build.0 = Debug|Any CPU
		{E04EED18-669C-4C38-8732-435653BE2F59}.Release|Any CPU.ActiveCfg = Release|Any CPU
		{E04EED18-669C-4C38-8732-435653BE2F59}.Release|Any CPU.Build.0 = Release|Any CPU
		{9F279FFC-9765-488A-9B72-CDAE32CC9486}.Debug|Any CPU.ActiveCfg = Debug|Any CPU
		{9F279FFC-9765-488A-9B72-CDAE32CC9486}.Debug|Any CPU.Build.0 = Debug|Any CPU
		{9F279FFC-9765-488A-9B72-CDAE32CC9486}.Release|Any CPU.ActiveCfg = Release|Any CPU
		{9F279FFC-9765-488A-9B72-CDAE32CC9486}.Release|Any CPU.Build.0 = Release|Any CPU
		{7BC3E369-0B24-471C-B85A-1E59023C1B41}.Debug|Any CPU.ActiveCfg = Debug|Any CPU
		{7BC3E369-0B24-471C-B85A-1E59023C1B41}.Debug|Any CPU.Build.0 = Debug|Any CPU
		{7BC3E369-0B24-471C-B85A-1E59023C1B41}.Release|Any CPU.ActiveCfg = Release|Any CPU
		{7BC3E369-0B24-471C-B85A-1E59023C1B41}.Release|Any CPU.Build.0 = Release|Any CPU
		{85102692-6544-482A-895A-037898E85776}.Debug|Any CPU.ActiveCfg = Debug|Any CPU
		{85102692-6544-482A-895A-037898E85776}.Debug|Any CPU.Build.0 = Debug|Any CPU
		{85102692-6544-482A-895A-037898E85776}.Release|Any CPU.ActiveCfg = Release|Any CPU
		{85102692-6544-482A-895A-037898E85776}.Release|Any CPU.Build.0 = Release|Any CPU
		{786D604C-5FBE-4AD7-BBC5-600D61DFC4D6}.Debug|Any CPU.ActiveCfg = Debug|Any CPU
		{786D604C-5FBE-4AD7-BBC5-600D61DFC4D6}.Debug|Any CPU.Build.0 = Debug|Any CPU
		{786D604C-5FBE-4AD7-BBC5-600D61DFC4D6}.Release|Any CPU.ActiveCfg = Release|Any CPU
		{786D604C-5FBE-4AD7-BBC5-600D61DFC4D6}.Release|Any CPU.Build.0 = Release|Any CPU
	EndGlobalSection
	GlobalSection(SolutionProperties) = preSolution
		HideSolutionNode = FALSE
	EndGlobalSection
	GlobalSection(NestedProjects) = preSolution
		{D8FC58EF-BD63-4E98-AF81-7C5466C2A0B2} = {02EA681E-C7D8-13C7-8484-4AC65E1B71E8}
		{594785DE-C58E-4A01-B338-43DF11E1D781} = {02EA681E-C7D8-13C7-8484-4AC65E1B71E8}
		{84770489-8683-4E2C-BDA2-438AA1F89A08} = {02EA681E-C7D8-13C7-8484-4AC65E1B71E8}
		{681B2AB7-537B-44BC-B9DF-B89895385776} = {AA9E601B-4E60-421D-93DE-87002E0E4488}
		{4DD83BDB-FD22-49C5-BE7A-91EC63961F7E} = {AA9E601B-4E60-421D-93DE-87002E0E4488}
		{8585EF15-E6CA-4E44-B8CB-044C1ADCA170} = {AA9E601B-4E60-421D-93DE-87002E0E4488}
		{9EB81F99-A483-4B64-9219-EFD5FDDCF664} = {5E44CD38-9D56-4592-A57E-5624018A9F38}
		{A78EDDF2-3255-40FA-A279-D95388212719} = {5E44CD38-9D56-4592-A57E-5624018A9F38}
		{FCF5B1D8-A34F-4971-AED7-F8A5D7B897B8} = {5E44CD38-9D56-4592-A57E-5624018A9F38}
		{C689B7EA-B013-47A0-9D24-2419FE29D81C} = {26964616-DB30-4276-BF6F-88BF70D458AD}
		{A94308F8-41EF-4B84-A6B3-CEB4471728E0} = {26964616-DB30-4276-BF6F-88BF70D458AD}
		{18FBB0BA-0BC0-45BA-97EB-2DD9512B0434} = {26964616-DB30-4276-BF6F-88BF70D458AD}
		{EFA7CDCD-CEB5-4157-B6B1-8F309DF4ED37} = {78F08218-5AE8-40F6-95DB-FF471C4D6920}
		{5D095FB7-09D2-4114-BC39-BB1008D048CA} = {78F08218-5AE8-40F6-95DB-FF471C4D6920}
		{24E39F2F-DBDA-4378-A6EB-7F1A26F9FA9F} = {78F08218-5AE8-40F6-95DB-FF471C4D6920}
		{BAAF7D18-04AB-4676-8F9B-1006CD35DF2B} = {240ECAA6-BFAA-4640-9091-AB17DC17EECD}
		{E04EED18-669C-4C38-8732-435653BE2F59} = {240ECAA6-BFAA-4640-9091-AB17DC17EECD}
		{9F279FFC-9765-488A-9B72-CDAE32CC9486} = {240ECAA6-BFAA-4640-9091-AB17DC17EECD}
		{7BC3E369-0B24-471C-B85A-1E59023C1B41} = {5DE2AB0E-3B26-4A61-8B9B-523AAE1277A0}
		{85102692-6544-482A-895A-037898E85776} = {5DE2AB0E-3B26-4A61-8B9B-523AAE1277A0}
		{786D604C-5FBE-4AD7-BBC5-600D61DFC4D6} = {5DE2AB0E-3B26-4A61-8B9B-523AAE1277A0}
	EndGlobalSection
	GlobalSection(ExtensibilityGlobals) = postSolution
		SolutionGuid = {E21E660D-DE05-4CC3-BCD0-C349E2FBED3F}
	EndGlobalSection
EndGlobal
